
Microsoft Visual Studio Solution File, Format Version 12.00
# Visual Studio Version 16
VisualStudioVersion = 16.0.30503.244
MinimumVisualStudioVersion = 10.0.40219.1
Project("{FAE04EC0-301F-11D3-BF4B-00C04F79EFBC}") = "EShopSolution.WebApp", "EShopSolution.WebApp\EShopSolution.WebApp.csproj", "{7F5D2299-FDE8-47DB-91FC-855AE791446D}"
EndProject
Global
	GlobalSection(SolutionConfigurationPlatforms) = preSolution
		Debug|Any CPU = Debug|Any CPU
		Release|Any CPU = Release|Any CPU
	EndGlobalSection
	GlobalSection(ProjectConfigurationPlatforms) = postSolution
		{7F5D2299-FDE8-47DB-91FC-855AE791446D}.Debug|Any CPU.ActiveCfg = Debug|Any CPU
		{7F5D2299-FDE8-47DB-91FC-855AE791446D}.Debug|Any CPU.Build.0 = Debug|Any CPU
		{7F5D2299-FDE8-47DB-91FC-855AE791446D}.Release|Any CPU.ActiveCfg = Release|Any CPU
		{7F5D2299-FDE8-47DB-91FC-855AE791446D}.Release|Any CPU.Build.0 = Release|Any CPU
	EndGlobalSection
	GlobalSection(SolutionProperties) = preSolution
		HideSolutionNode = FALSE
	EndGlobalSection
	GlobalSection(ExtensibilityGlobals) = postSolution
		SolutionGuid = {C802B4F3-FD74-4FC8-86BE-129A599FB9A9}
	EndGlobalSection
EndGlobal
